
Microsoft Visual Studio Solution File, Format Version 12.00
# Visual Studio Version 16
VisualStudioVersion = 16.0.30804.86
MinimumVisualStudioVersion = 10.0.40219.1
Project("{9A19103F-16F7-4668-BE54-9A1E7A4F7556}") = "MyApi", "MyApi.csproj", "{91A4175D-168E-47C5-8920-27FC63EF8B55}"
EndProject
Global
	GlobalSection(SolutionConfigurationPlatforms) = preSolution
		Debug|Any CPU = Debug|Any CPU
		Release|Any CPU = Release|Any CPU
	EndGlobalSection
	GlobalSection(ProjectConfigurationPlatforms) = postSolution
		{91A4175D-168E-47C5-8920-27FC63EF8B55}.Debug|Any CPU.ActiveCfg = Debug|Any CPU
		{91A4175D-168E-47C5-8920-27FC63EF8B55}.Debug|Any CPU.Build.0 = Debug|Any CPU
		{91A4175D-168E-47C5-8920-27FC63EF8B55}.Release|Any CPU.ActiveCfg = Release|Any CPU
		{91A4175D-168E-47C5-8920-27FC63EF8B55}.Release|Any CPU.Build.0 = Release|Any CPU
	EndGlobalSection
	GlobalSection(SolutionProperties) = preSolution
		HideSolutionNode = FALSE
	EndGlobalSection
	GlobalSection(ExtensibilityGlobals) = postSolution
		SolutionGuid = {91BA6DFF-82DB-43F2-ABC4-D1244EA7B058}
	EndGlobalSection
EndGlobal
